{
  "requires": true,
  "lockfileVersion": 1,
  "dependencies": {
    "@babel/helper-module-imports": {
      "version": "7.10.1",
      "resolved": "http://npm-dmd.oppoer.me/@babel%2fhelper-module-imports/-/helper-module-imports-7.10.1.tgz",
      "integrity": "sha1-3TMb1FvMxWbOdwBOnQX+F63ROHY=",
      "requires": {
        "@babel/types": "^7.10.1"
      }
    },
    "@babel/helper-plugin-utils": {
      "version": "7.10.1",
      "resolved": "http://npm-dmd.oppoer.me/@babel%2fhelper-plugin-utils/-/helper-plugin-utils-7.10.1.tgz",
      "integrity": "sha1-7Fpc8O7JJbZsYFgDKLEiwBIwoSc="
    },
    "@babel/helper-validator-identifier": {
      "version": "7.10.1",
      "resolved": "http://npm-dmd.oppoer.me/@babel%2fhelper-validator-identifier/-/helper-validator-identifier-7.10.1.tgz",
      "integrity": "sha1-V3CwwagmxPU/Xt5eFTFj4DGOlLU="
    },
    "@babel/plugin-transform-runtime": {
      "version": "7.10.1",
      "resolved": "http://npm-dmd.oppoer.me/@babel%2fplugin-transform-runtime/-/plugin-transform-runtime-7.10.1.tgz",
      "integrity": "sha1-/RiH90ljf7LthtwnjnnrQd839LE=",
      "requires": {
        "@babel/helper-module-imports": "^7.10.1",
        "@babel/helper-plugin-utils": "^7.10.1",
        "resolve": "^1.8.1",
        "semver": "^5.5.1"
      }
    },
    "@babel/runtime-corejs3": {
      "version": "7.10.2",
      "resolved": "http://npm-dmd.oppoer.me/@babel%2fruntime-corejs3/-/runtime-corejs3-7.10.2.tgz",
      "integrity": "sha1-NRF5fd+aPW885GuZzINRhIF+qk4=",
      "requires": {
        "core-js-pure": "^3.0.0",
        "regenerator-runtime": "^0.13.4"
      }
    },
    "@babel/types": {
      "version": "7.10.2",
      "resolved": "http://npm-dmd.oppoer.me/@babel%2ftypes/-/types-7.10.2.tgz",
      "integrity": "sha1-MCg74xytDb9vsAvUBkHKDqZ1Fy0=",
      "requires": {
        "@babel/helper-validator-identifier": "^7.10.1",
        "lodash": "^4.17.13",
        "to-fast-properties": "^2.0.0"
      }
    },
    "core-js-pure": {
      "version": "3.6.5",
      "resolved": "http://npm-dmd.oppoer.me/core-js-pure/-/core-js-pure-3.6.5.tgz",
      "integrity": "sha1-x5519eONvIWmYtke6lK4JW1TuBM="
    },
    "lodash": {
      "version": "4.17.15",
      "resolved": "http://npm-dmd.oppoer.me/lodash/-/lodash-4.17.15.tgz",
      "integrity": "sha1-tEf2ZwoEVbv+7dETku/zMOoJdUg="
    },
    "path-parse": {
      "version": "1.0.6",
      "resolved": "http://npm-dmd.oppoer.me/path-parse/-/path-parse-1.0.6.tgz",
      "integrity": "sha1-1i27VnlAXXLEc37FhgDp3c8G0kw="
    },
    "regenerator-runtime": {
      "version": "0.13.5",
      "resolved": "http://npm-dmd.oppoer.me/regenerator-runtime/-/regenerator-runtime-0.13.5.tgz",
      "integrity": "sha1-2Hih0JS0MG0QuQlkhLM+vVXiZpc="
    },
    "resolve": {
      "version": "1.17.0",
      "resolved": "http://npm-dmd.oppoer.me/resolve/-/resolve-1.17.0.tgz",
      "integrity": "sha1-sllBtUloIxzC0bt2p5y38sC/hEQ=",
      "requires": {
        "path-parse": "^1.0.6"
      }
    },
    "semver": {
      "version": "5.7.1",
      "resolved": "http://npm-dmd.oppoer.me/semver/-/semver-5.7.1.tgz",
      "integrity": "sha1-qVT5Ma66UI0we78Gnv8MAclhFvc="
    },
    "to-fast-properties": {
      "version": "2.0.0",
      "resolved": "http://npm-dmd.oppoer.me/to-fast-properties/-/to-fast-properties-2.0.0.tgz",
      "integrity": "sha1-3F5pjL0HkmW8c+A3doGk5Og/YW4="
    }
  }
}
